{
  "name": "forgotten-worlds",
  "version": "1.0.0",
  "lockfileVersion": 3,
  "requires": true,
  "packages": {
    "": {
      "name": "forgotten-worlds",
      "version": "1.0.0",
      "license": "MIT",
      "dependencies": {
        "serve": "^14.2.1"
      },
      "devDependencies": {
        "live-server": "^1.2.2"
      },
      "engines": {
        "node": ">=16.0.0"
      }
    },
    "node_modules/serve": {
      "version": "14.2.1",
      "resolved": "https://registry.npmjs.org/serve/-/serve-14.2.1.tgz",
      "integrity": "sha512-geFprzed0La8lDDH38oOODmHfIXfXTBsNcJBSAFi+EfKZRBb1bJRsucFuJRVVJoJcPmBKIiL0+6wBx5d3jGfA==",
      "license": "MIT",
      "bin": {
        "serve": "build/main.js"
      },
      "engines": {
        "node": ">= 14"
      }
    }
  }
}
